{
  "name": "faq",
  "version": "1.0.0",
  "lockfileVersion": 1,
  "requires": true,
  "dependencies": {
    "@types/node": {
      "version": "9.3.0",
      "resolved": "https://registry.npmjs.org/@types/node/-/node-9.3.0.tgz",
      "integrity": "sha512-wNBfvNjzsJl4tswIZKXCFQY0lss9nKUyJnG6T94X/eqjRgI2jHZ4evdjhQYBSan/vGtF6XVXPApOmNH2rf0KKw=="
    },
    "array-iterate": {
      "version": "1.1.1",
      "resolved": "https://registry.npmjs.org/array-iterate/-/array-iterate-1.1.1.tgz",
      "integrity": "sha1-hlv3+K851rCYLGCQKRSsdrwBCPY="
    },
    "array-union": {
      "version": "1.0.2",
      "resolved": "https://registry.npmjs.org/array-union/-/array-union-1.0.2.tgz",
      "integrity": "sha1-mjRBDk9OPaI96jdb5b5w8kd47Dk=",
      "dev": true,
      "requires": {
        "array-uniq": "1.0.3"
      }
    },
    "array-uniq": {
      "version": "1.0.3",
      "resolved": "https://registry.npmjs.org/array-uniq/-/array-uniq-1.0.3.tgz",
      "integrity": "sha1-r2rId6Jcx/dOBYiUdThY39sk/bY=",
      "dev": true
    },
    "async": {
      "version": "2.6.0",
      "resolved": "https://registry.npmjs.org/async/-/async-2.6.0.tgz",
      "integrity": "sha512-xAfGg1/NTLBBKlHFmnd7PlmUW9KhVQIUuSrYem9xzFUZy13ScvtyGGejaae9iAVRiRq9+Cx7DPFaAAhCpyxyPw==",
      "dev": true,
      "requires": {
        "lodash": "4.17.4"
      }
    },
    "bail": {
      "version": "1.0.2",
      "resolved": "https://registry.npmjs.org/bail/-/bail-1.0.2.tgz",
      "integrity": "sha1-99bBcxYwqfnw1NNe0fli4gdKF2Q="
    },
    "balanced-match": {
      "version": "1.0.0",
      "resolved": "https://registry.npmjs.org/balanced-match/-/balanced-match-1.0.0.tgz",
      "integrity": "sha1-ibTRmasr7kneFk6gK4nORi1xt2c=",
      "dev": true
    },
    "base64url": {
      "version": "2.0.0",
      "resolved": "https://registry.npmjs.org/base64url/-/base64url-2.0.0.tgz",
      "integrity": "sha1-6sFuA+oUOO/5Qj1puqNiYu0fcLs=",
      "dev": true
    },
    "boolbase": {
      "version": "1.0.0",
      "resolved": "https://registry.npmjs.org/boolbase/-/boolbase-1.0.0.tgz",
      "integrity": "sha1-aN/1++YMUes3cl6p4+0xDcwed24="
    },
    "brace-expansion": {
      "version": "1.1.8",
      "resolved": "https://registry.npmjs.org/brace-expansion/-/brace-expansion-1.1.8.tgz",
      "integrity": "sha1-wHshHHyVLsH479Uad+8NHTmQopI=",
      "dev": true,
      "requires": {
        "balanced-match": "1.0.0",
        "concat-map": "0.0.1"
      }
    },
    "camelcase": {
      "version": "3.0.0",
      "resolved": "https://registry.npmjs.org/camelcase/-/camelcase-3.0.0.tgz",
      "integrity": "sha1-MvxLn82vhF/N9+c7uXysImHwqwo="
    },
    "ccount": {
      "version": "1.0.2",
      "resolved": "https://registry.npmjs.org/ccount/-/ccount-1.0.2.tgz",
      "integrity": "sha1-U7ai+BW7d7nChx97mnLDol8djok="
    },
    "character-entities": {
      "version": "1.2.1",
      "resolved": "https://registry.npmjs.org/character-entities/-/character-entities-1.2.1.tgz",
      "integrity": "sha1-92hxvl72bdt/j440eOzDdMJ9bco="
    },
    "character-entities-html4": {
      "version": "1.1.1",
      "resolved": "https://registry.npmjs.org/character-entities-html4/-/character-entities-html4-1.1.1.tgz",
      "integrity": "sha1-NZoqSg9+KdPcKsmb2+Ie45Q46lA="
    },
    "character-entities-legacy": {
      "version": "1.1.1",
      "resolved": "https://registry.npmjs.org/character-entities-legacy/-/character-entities-legacy-1.1.1.tgz",
      "integrity": "sha1-9Ad53xoQGHK7UQo9KV4fzPFHIC8="
    },
    "character-reference-invalid": {
      "version": "1.1.1",
      "resolved": "https://registry.npmjs.org/character-reference-invalid/-/character-reference-invalid-1.1.1.tgz",
      "integrity": "sha1-lCg191Dk7GGjCOYMLvjMEBEgLvw="
    },
    "collapse-white-space": {
      "version": "1.0.3",
      "resolved": "https://registry.npmjs.org/collapse-white-space/-/collapse-white-space-1.0.3.tgz",
      "integrity": "sha1-S5BvZw5aljqHt2sOFolkM0G2Ajw="
    },
    "comma-separated-tokens": {
      "version": "1.0.4",
      "resolved": "https://registry.npmjs.org/comma-separated-tokens/-/comma-separated-tokens-1.0.4.tgz",
      "integrity": "sha1-cgg+WNSkYvAYZvZhf02Yo807ikY=",
      "requires": {
        "trim": "0.0.1"
      }
    },
    "commander": {
      "version": "2.11.0",
      "resolved": "https://registry.npmjs.org/commander/-/commander-2.11.0.tgz",
      "integrity": "sha512-b0553uYA5YAEGgyYIGYROzKQ7X5RAqedkfjiZxwi0kL1g3bOaBNNZfYkzt/CL0umgD5wc9Jec2FbB98CjkMRvQ==",
      "dev": true
    },
    "concat-map": {
      "version": "0.0.1",
      "resolved": "https://registry.npmjs.org/concat-map/-/concat-map-0.0.1.tgz",
      "integrity": "sha1-2Klr13/Wjfd5OnMDajug1UBdR3s=",
      "dev": true
    },
    "css-selector-parser": {
      "version": "1.3.0",
      "resolved": "https://registry.npmjs.org/css-selector-parser/-/css-selector-parser-1.3.0.tgz",
      "integrity": "sha1-XxrUPi2O77/cME/NOaUhZklD4+s="
    },
    "define-properties": {
      "version": "1.1.2",
      "resolved": "https://registry.npmjs.org/define-properties/-/define-properties-1.1.2.tgz",
      "integrity": "sha1-g6c/L+pWmJj7c3GTyPhzyvbUXJQ=",
      "requires": {
        "foreach": "2.0.5",
        "object-keys": "1.0.11"
      }
    },
    "detab": {
      "version": "2.0.1",
      "resolved": "https://registry.npmjs.org/detab/-/detab-2.0.1.tgz",
      "integrity": "sha512-/hhdqdQc5thGrqzjyO/pz76lDZ5GSuAs6goxOaKTsvPk7HNnzAyFN5lyHgqpX4/s1i66K8qMGj+VhA9504x7DQ==",
      "requires": {
        "repeat-string": "1.6.1"
      }
    },
    "doctype": {
      "version": "2.0.1",
      "resolved": "https://registry.npmjs.org/doctype/-/doctype-2.0.1.tgz",
      "integrity": "sha1-FDEKgyShh2MFjUHrBeFs8Sf4E2I="
    },
    "emoji-regex": {
      "version": "6.1.1",
      "resolved": "https://registry.npmjs.org/emoji-regex/-/emoji-regex-6.1.1.tgz",
      "integrity": "sha1-xs0OwbBkLio8Z6ETfvxeeW2k+I4="
    },
    "extend": {
      "version": "3.0.1",
      "resolved": "https://registry.npmjs.org/extend/-/extend-3.0.1.tgz",
      "integrity": "sha1-p1Xqe8Gt/MWjHOfnYtuq3F5jZEQ="
    },
    "foreach": {
      "version": "2.0.5",
      "resolved": "https://registry.npmjs.org/foreach/-/foreach-2.0.5.tgz",
      "integrity": "sha1-C+4AUBiusmDQo6865ljdATbsG5k="
    },
    "fs-extra": {
      "version": "4.0.3",
      "resolved": "https://registry.npmjs.org/fs-extra/-/fs-extra-4.0.3.tgz",
      "integrity": "sha512-q6rbdDd1o2mAnQreO7YADIxf/Whx4AHBiRf6d+/cVT8h44ss+lHgxf1FemcqDnQt9X3ct4McHr+JMGlYSsK7Cg==",
      "dev": true,
      "requires": {
        "graceful-fs": "4.1.11",
        "jsonfile": "4.0.0",
        "universalify": "0.1.1"
      }
    },
    "fs.realpath": {
      "version": "1.0.0",
      "resolved": "https://registry.npmjs.org/fs.realpath/-/fs.realpath-1.0.0.tgz",
      "integrity": "sha1-FQStJSMVjKpA20onh8sBQRmU6k8=",
      "dev": true
    },
    "gh-pages": {
      "version": "1.1.0",
      "resolved": "https://registry.npmjs.org/gh-pages/-/gh-pages-1.1.0.tgz",
      "integrity": "sha512-ZpDkeOVmIrN5mz+sBWDz5zmTqcbNJzI/updCwEv/7rrSdpTNlj1B5GhBqG7f4Q8p5sJOdnBV0SIqxJrxtZQ9FA==",
      "dev": true,
      "requires": {
        "async": "2.6.0",
        "base64url": "2.0.0",
        "commander": "2.11.0",
        "fs-extra": "4.0.3",
        "globby": "6.1.0",
        "graceful-fs": "4.1.11",
        "rimraf": "2.6.2"
      }
    },
    "github-slugger": {
      "version": "1.2.0",
      "resolved": "https://registry.npmjs.org/github-slugger/-/github-slugger-1.2.0.tgz",
      "integrity": "sha512-wIaa75k1vZhyPm9yWrD08A5Xnx/V+RmzGrpjQuLemGKSb77Qukiaei58Bogrl/LZSADDfPzKJX8jhLs4CRTl7Q==",
      "requires": {
        "emoji-regex": "6.1.1"
      }
    },
    "glob": {
      "version": "7.1.2",
      "resolved": "https://registry.npmjs.org/glob/-/glob-7.1.2.tgz",
      "integrity": "sha512-MJTUg1kjuLeQCJ+ccE4Vpa6kKVXkPYJ2mOCQyUuKLcLQsdrMCpBPUi8qVE6+YuaJkozeA9NusTAw3hLr8Xe5EQ==",
      "dev": true,
      "requires": {
        "fs.realpath": "1.0.0",
        "inflight": "1.0.6",
        "inherits": "2.0.3",
        "minimatch": "3.0.4",
        "once": "1.4.0",
        "path-is-absolute": "1.0.1"
      }
    },
    "globby": {
      "version": "6.1.0",
      "resolved": "https://registry.npmjs.org/globby/-/globby-6.1.0.tgz",
      "integrity": "sha1-9abXDoOV4hyFj7BInWTfAkJNUGw=",
      "dev": true,
      "requires": {
        "array-union": "1.0.2",
        "glob": "7.1.2",
        "object-assign": "4.1.1",
        "pify": "2.3.0",
        "pinkie-promise": "2.0.1"
      }
    },
    "graceful-fs": {
      "version": "4.1.11",
      "resolved": "https://registry.npmjs.org/graceful-fs/-/graceful-fs-4.1.11.tgz",
      "integrity": "sha1-Dovf5NHduIVNZOBOp8AOKgJuVlg=",
      "dev": true
    },
    "hast-to-hyperscript": {
      "version": "3.1.0",
      "resolved": "https://registry.npmjs.org/hast-to-hyperscript/-/hast-to-hyperscript-3.1.0.tgz",
      "integrity": "sha512-/At2y6sQLTAcL6y+3hRQFcaBoRlKrmHSpvvdOZqRz6uI2YyjrU8rJ7e1LbmLtWUmzaIqKEdNSku+AJC0pt4+aw==",
      "requires": {
        "comma-separated-tokens": "1.0.4",
        "is-nan": "1.2.1",
        "kebab-case": "1.0.0",
        "property-information": "3.2.0",
        "space-separated-tokens": "1.1.1",
        "trim": "0.0.1",
        "unist-util-is": "2.1.1"
      }
    },
    "hast-util-embedded": {
      "version": "1.0.0",
      "resolved": "https://registry.npmjs.org/hast-util-embedded/-/hast-util-embedded-1.0.0.tgz",
      "integrity": "sha1-SdYRS0CTOp0L1wijsBI3jyzW6Gw=",
      "requires": {
        "hast-util-is-element": "1.0.0"
      }
    },
    "hast-util-from-parse5": {
      "version": "2.1.0",
      "resolved": "https://registry.npmjs.org/hast-util-from-parse5/-/hast-util-from-parse5-2.1.0.tgz",
      "integrity": "sha1-9hI9g9NoljCwl+E+Qw0W2dG9iIQ=",
      "requires": {
        "camelcase": "3.0.0",
        "hastscript": "3.1.0",
        "property-information": "3.2.0",
        "vfile-location": "2.0.2"
      }
    },
    "hast-util-has-property": {
      "version": "1.0.1",
      "resolved": "https://registry.npmjs.org/hast-util-has-property/-/hast-util-has-property-1.0.1.tgz",
      "integrity": "sha512-DUck5lp8ku3o8n9GIA1Nghdz8UQyis2/b/ro0O4z5HP/y82uzZL6CXehuQmY5re+rLgTP4MVF/YpYDj9YqD0wA=="
    },
    "hast-util-is-body-ok-link": {
      "version": "1.0.1",
      "resolved": "https://registry.npmjs.org/hast-util-is-body-ok-link/-/hast-util-is-body-ok-link-1.0.1.tgz",
      "integrity": "sha512-qFDY0oz0lbc0DOcy61BSgJo+wi/ykFs4p95YjrtRP81eNfmBPs/Z0j4WLFmepJ6znfxLlRcPpic8FOdzCD5aKw==",
      "requires": {
        "hast-util-has-property": "1.0.1",
        "hast-util-is-element": "1.0.0"
      }
    },
    "hast-util-is-element": {
      "version": "1.0.0",
      "resolved": "https://registry.npmjs.org/hast-util-is-element/-/hast-util-is-element-1.0.0.tgz",
      "integrity": "sha1-P3IWl4sq4U2YdJh4eCZ18zvjzgA="
    },
    "hast-util-parse-selector": {
      "version": "2.1.0",
      "resolved": "https://registry.npmjs.org/hast-util-parse-selector/-/hast-util-parse-selector-2.1.0.tgz",
      "integrity": "sha1-tVwPS7e7IEDIicMl74erKcOBArQ="
    },
    "hast-util-phrasing": {
      "version": "1.0.0",
      "resolved": "https://registry.npmjs.org/hast-util-phrasing/-/hast-util-phrasing-1.0.0.tgz",
      "integrity": "sha1-sFH5kbyWWVwPdWMEpHjtpIZ0xEg=",
      "requires": {
        "hast-util-embedded": "1.0.0",
        "hast-util-has-property": "1.0.1",
        "hast-util-is-body-ok-link": "1.0.1",
        "hast-util-is-element": "1.0.0"
      }
    },
    "hast-util-raw": {
      "version": "2.0.2",
      "resolved": "https://registry.npmjs.org/hast-util-raw/-/hast-util-raw-2.0.2.tgz",
      "integrity": "sha512-ujytXSAZC85bvh38f8ALzfE2IZDdCwB9XeHUs9l20C1p4/1YeAoZqq9z9U17vWQ9hMmqbVaROuSK8feL3wTCJg==",
      "requires": {
        "hast-util-from-parse5": "2.1.0",
        "hast-util-to-parse5": "2.2.0",
        "html-void-elements": "1.0.2",
        "parse5": "3.0.3",
        "unist-util-position": "3.0.0",
        "web-namespaces": "1.1.1",
        "zwitch": "1.0.2"
      }
    },
    "hast-util-select": {
      "version": "1.0.1",
      "resolved": "https://registry.npmjs.org/hast-util-select/-/hast-util-select-1.0.1.tgz",
      "integrity": "sha1-nxWR76YroL316kKYswGqrh2tYS0=",
      "requires": {
        "camelcase": "3.0.0",
        "comma-separated-tokens": "1.0.4",
        "css-selector-parser": "1.3.0",
        "hast-util-has-property": "1.0.1",
        "hast-util-is-element": "1.0.0",
        "hast-util-whitespace": "1.0.0",
        "not": "0.1.0",
        "nth-check": "1.0.1",
        "property-information": "3.2.0",
        "space-separated-tokens": "1.1.1",
        "zwitch": "1.0.2"
      }
    },
    "hast-util-to-html": {
      "version": "3.1.0",
      "resolved": "https://registry.npmjs.org/hast-util-to-html/-/hast-util-to-html-3.1.0.tgz",
      "integrity": "sha1-iCyZhJ5AEw6ZHAQuRW1FPZXDbP8=",
      "requires": {
        "ccount": "1.0.2",
        "comma-separated-tokens": "1.0.4",
        "hast-util-is-element": "1.0.0",
        "hast-util-whitespace": "1.0.0",
        "html-void-elements": "1.0.2",
        "kebab-case": "1.0.0",
        "property-information": "3.2.0",
        "space-separated-tokens": "1.1.1",
        "stringify-entities": "1.3.1",
        "unist-util-is": "2.1.1",
        "xtend": "4.0.1"
      }
    },
    "hast-util-to-parse5": {
      "version": "2.2.0",
      "resolved": "https://registry.npmjs.org/hast-util-to-parse5/-/hast-util-to-parse5-2.2.0.tgz",
      "integrity": "sha512-Eg1mrf0VTT/PipFN5z1+mVi+4GNhinKk/i/HKeX1h17IYiMdm3G8vgA0FU04XCuD1cWV58f5zziFKcBkr+WuKw==",
      "requires": {
        "hast-to-hyperscript": "3.1.0",
        "mapz": "1.0.1",
        "web-namespaces": "1.1.1",
        "xtend": "4.0.1",
        "zwitch": "1.0.2"
      }
    },
    "hast-util-to-string": {
      "version": "1.0.1",
      "resolved": "https://registry.npmjs.org/hast-util-to-string/-/hast-util-to-string-1.0.1.tgz",
      "integrity": "sha512-EC6awGe0ZMUNYmS2hMVaKZxvjVtQA4RhXjtgE20AxGG49MM7OUUfaHc6VcVYv2YwzNlrZQGe5teimCxW1Rk+fA=="
    },
    "hast-util-whitespace": {
      "version": "1.0.0",
      "resolved": "https://registry.npmjs.org/hast-util-whitespace/-/hast-util-whitespace-1.0.0.tgz",
      "integrity": "sha1-vQlpGWJdKTbh/xe8Tff9cn8X7Ok="
    },
    "hastscript": {
      "version": "3.1.0",
      "resolved": "https://registry.npmjs.org/hastscript/-/hastscript-3.1.0.tgz",
      "integrity": "sha512-8V34dMSDT1Ik+ZSgTzCLdyp89MrWxcxctXPxhmb72GQj1Xkw1aHPM9UaHCWewvH2Q+PVkYUm4ZJVw4T0dgEGNA==",
      "requires": {
        "camelcase": "3.0.0",
        "comma-separated-tokens": "1.0.4",
        "hast-util-parse-selector": "2.1.0",
        "property-information": "3.2.0",
        "space-separated-tokens": "1.1.1"
      }
    },
    "html-void-elements": {
      "version": "1.0.2",
      "resolved": "https://registry.npmjs.org/html-void-elements/-/html-void-elements-1.0.2.tgz",
      "integrity": "sha1-nSLgyjKsyVs/RbjVtPb73AWv/VU="
    },
    "html-whitespace-sensitive-tag-names": {
      "version": "1.0.0",
      "resolved": "https://registry.npmjs.org/html-whitespace-sensitive-tag-names/-/html-whitespace-sensitive-tag-names-1.0.0.tgz",
      "integrity": "sha1-/W7To9Yxzik0Gu/iao/qcg0636c="
    },
    "inflight": {
      "version": "1.0.6",
      "resolved": "https://registry.npmjs.org/inflight/-/inflight-1.0.6.tgz",
      "integrity": "sha1-Sb1jMdfQLQwJvJEKEHW6gWW1bfk=",
      "dev": true,
      "requires": {
        "once": "1.4.0",
        "wrappy": "1.0.2"
      }
    },
    "inherits": {
      "version": "2.0.3",
      "resolved": "https://registry.npmjs.org/inherits/-/inherits-2.0.3.tgz",
      "integrity": "sha1-Yzwsg+PaQqUC9SRmAiSA9CCCYd4="
    },
    "is-alphabetical": {
      "version": "1.0.1",
      "resolved": "https://registry.npmjs.org/is-alphabetical/-/is-alphabetical-1.0.1.tgz",
      "integrity": "sha1-x3B5zJHU76x3W+EDS/LSQ/lebwg="
    },
    "is-alphanumeric": {
      "version": "1.0.0",
      "resolved": "https://registry.npmjs.org/is-alphanumeric/-/is-alphanumeric-1.0.0.tgz",
      "integrity": "sha1-Spzvcdr0wAHB2B1j0UDPU/1oifQ="
    },
    "is-alphanumerical": {
      "version": "1.0.1",
      "resolved": "https://registry.npmjs.org/is-alphanumerical/-/is-alphanumerical-1.0.1.tgz",
      "integrity": "sha1-37SqTRCF4zvbYcLe6cgOnGwZ9Ts=",
      "requires": {
        "is-alphabetical": "1.0.1",
        "is-decimal": "1.0.1"
      }
    },
    "is-buffer": {
      "version": "1.1.6",
      "resolved": "https://registry.npmjs.org/is-buffer/-/is-buffer-1.1.6.tgz",
      "integrity": "sha512-NcdALwpXkTm5Zvvbk7owOUSvVvBKDgKP5/ewfXEznmQFfs4ZRmanOeKBTjRVjka3QFoN6XJ+9F3USqfHqTaU5w=="
    },
    "is-decimal": {
      "version": "1.0.1",
      "resolved": "https://registry.npmjs.org/is-decimal/-/is-decimal-1.0.1.tgz",
      "integrity": "sha1-9ftqlJlq2ejjdh+/vQkfH8qMToI="
    },
    "is-hexadecimal": {
      "version": "1.0.1",
      "resolved": "https://registry.npmjs.org/is-hexadecimal/-/is-hexadecimal-1.0.1.tgz",
      "integrity": "sha1-bghLvJIGH7sJcexYts5tQE4k2mk="
    },
    "is-nan": {
      "version": "1.2.1",
      "resolved": "https://registry.npmjs.org/is-nan/-/is-nan-1.2.1.tgz",
      "integrity": "sha1-n69ltvttskt/XAYoR16nH5iEAeI=",
      "requires": {
        "define-properties": "1.1.2"
      }
    },
    "is-plain-obj": {
      "version": "1.1.0",
      "resolved": "https://registry.npmjs.org/is-plain-obj/-/is-plain-obj-1.1.0.tgz",
      "integrity": "sha1-caUMhCnfync8kqOQpKA7OfzVHT4="
    },
    "is-whitespace-character": {
      "version": "1.0.1",
      "resolved": "https://registry.npmjs.org/is-whitespace-character/-/is-whitespace-character-1.0.1.tgz",
      "integrity": "sha1-muAXbzKCtlRXoZks2whPil+DPjs="
    },
    "is-word-character": {
      "version": "1.0.1",
      "resolved": "https://registry.npmjs.org/is-word-character/-/is-word-character-1.0.1.tgz",
      "integrity": "sha1-WgP6HqkazopusMfNdw64bWXIvvs="
    },
    "jsonfile": {
      "version": "4.0.0",
      "resolved": "https://registry.npmjs.org/jsonfile/-/jsonfile-4.0.0.tgz",
      "integrity": "sha1-h3Gq4HmbZAdrdmQPygWPnBDjPss=",
      "dev": true,
      "requires": {
        "graceful-fs": "4.1.11"
      }
    },
    "kebab-case": {
      "version": "1.0.0",
      "resolved": "https://registry.npmjs.org/kebab-case/-/kebab-case-1.0.0.tgz",
      "integrity": "sha1-P55JkK3K0MaGwOcB92RYaPdfkes="
    },
    "lodash": {
      "version": "4.17.4",
      "resolved": "https://registry.npmjs.org/lodash/-/lodash-4.17.4.tgz",
      "integrity": "sha1-eCA6TRwyiuHYbcpkYONptX9AVa4=",
      "dev": true
    },
    "longest-streak": {
      "version": "2.0.2",
      "resolved": "https://registry.npmjs.org/longest-streak/-/longest-streak-2.0.2.tgz",
      "integrity": "sha512-TmYTeEYxiAmSVdpbnQDXGtvYOIRsCMg89CVZzwzc2o7GFL1CjoiRPjH5ec0NFAVlAx3fVof9dX/t6KKRAo2OWA=="
    },
    "mapz": {
      "version": "1.0.1",
      "resolved": "https://registry.npmjs.org/mapz/-/mapz-1.0.1.tgz",
      "integrity": "sha1-ns7HV9PD/gqKbzY+Mo6u5ppChEE=",
      "requires": {
        "x-is-array": "0.1.0"
      }
    },
    "markdown-escapes": {
      "version": "1.0.1",
      "resolved": "https://registry.npmjs.org/markdown-escapes/-/markdown-escapes-1.0.1.tgz",
      "integrity": "sha1-GZTfLTr0gR3lmmcUk0wrIpJzRRg="
    },
    "markdown-table": {
      "version": "1.1.1",
      "resolved": "https://registry.npmjs.org/markdown-table/-/markdown-table-1.1.1.tgz",
      "integrity": "sha1-Sz3ToTPRUYuO8NvHCb8qG0gkvIw="
    },
    "mdast-util-compact": {
      "version": "1.0.1",
      "resolved": "https://registry.npmjs.org/mdast-util-compact/-/mdast-util-compact-1.0.1.tgz",
      "integrity": "sha1-zbX4TitqLTEU3zO9BdnLMuPECDo=",
      "requires": {
        "unist-util-modify-children": "1.1.1",
        "unist-util-visit": "1.3.0"
      }
    },
    "mdast-util-definitions": {
      "version": "1.2.2",
      "resolved": "https://registry.npmjs.org/mdast-util-definitions/-/mdast-util-definitions-1.2.2.tgz",
      "integrity": "sha512-9NloPSwaB9f1PKcGqaScfqRf6zKOEjTIXVIbPOmgWI/JKxznlgVXC5C+8qgl3AjYg2vJBRgLYfLICaNiac89iA==",
      "requires": {
        "unist-util-visit": "1.3.0"
      }
    },
    "mdast-util-to-hast": {
      "version": "3.0.0",
      "resolved": "https://registry.npmjs.org/mdast-util-to-hast/-/mdast-util-to-hast-3.0.0.tgz",
      "integrity": "sha512-zvEXH2AUevWfKuBqtEPNcDUPI8UC6yIVvgEgNi1v1dLnzb5Pfm+PZjnZn0FhW1WmHcrGMX059MAoqicEauzjcw==",
      "requires": {
        "collapse-white-space": "1.0.3",
        "detab": "2.0.1",
        "mdast-util-definitions": "1.2.2",
        "mdurl": "1.0.1",
        "trim": "0.0.1",
        "trim-lines": "1.1.0",
        "unist-builder": "1.0.2",
        "unist-util-generated": "1.1.1",
        "unist-util-position": "3.0.0",
        "unist-util-visit": "1.3.0",
        "xtend": "4.0.1"
      }
    },
    "mdast-util-to-nlcst": {
      "version": "3.2.0",
      "resolved": "https://registry.npmjs.org/mdast-util-to-nlcst/-/mdast-util-to-nlcst-3.2.0.tgz",
      "integrity": "sha1-2tJihXZY0eq0tYFKIOL5PXyh47Y=",
      "requires": {
        "nlcst-to-string": "2.0.1",
        "repeat-string": "1.6.1",
        "unist-util-position": "3.0.0",
        "vfile-location": "2.0.2"
      }
    },
    "mdast-util-to-string": {
      "version": "1.0.4",
      "resolved": "https://registry.npmjs.org/mdast-util-to-string/-/mdast-util-to-string-1.0.4.tgz",
      "integrity": "sha1-XEVch4yTVfDB5/PotxnPWDaRrPs="
    },
    "mdast-util-toc": {
      "version": "2.0.1",
      "resolved": "https://registry.npmjs.org/mdast-util-toc/-/mdast-util-toc-2.0.1.tgz",
      "integrity": "sha1-sdLLI7+wH4Evp7Vb/+iwqL7fbyE=",
      "requires": {
        "github-slugger": "1.2.0",
        "mdast-util-to-string": "1.0.4",
        "unist-util-visit": "1.3.0"
      }
    },
    "mdurl": {
      "version": "1.0.1",
      "resolved": "https://registry.npmjs.org/mdurl/-/mdurl-1.0.1.tgz",
      "integrity": "sha1-/oWy7HWlkDfyrf7BAP1sYBdhFS4="
    },
    "minimatch": {
      "version": "3.0.4",
      "resolved": "https://registry.npmjs.org/minimatch/-/minimatch-3.0.4.tgz",
      "integrity": "sha512-yJHVQEhyqPLUTgt9B83PXu6W3rx4MvvHvSUvToogpwoGDOUQ+yDrR0HRot+yOCdCO7u4hX3pWft6kWBBcqh0UA==",
      "dev": true,
      "requires": {
        "brace-expansion": "1.1.8"
      }
    },
    "nlcst-to-string": {
      "version": "2.0.1",
      "resolved": "https://registry.npmjs.org/nlcst-to-string/-/nlcst-to-string-2.0.1.tgz",
      "integrity": "sha1-+Q88+QXBN9yO3Ycn+83nPnPCodk="
    },
    "not": {
      "version": "0.1.0",
      "resolved": "https://registry.npmjs.org/not/-/not-0.1.0.tgz",
      "integrity": "sha1-yWkcF0bFXc++VMvYvU/wQbwrUZ0="
    },
    "nth-check": {
      "version": "1.0.1",
      "resolved": "https://registry.npmjs.org/nth-check/-/nth-check-1.0.1.tgz",
      "integrity": "sha1-mSms32KPwsQQmN6rgqxYDPFJquQ=",
      "requires": {
        "boolbase": "1.0.0"
      }
    },
    "object-assign": {
      "version": "4.1.1",
      "resolved": "https://registry.npmjs.org/object-assign/-/object-assign-4.1.1.tgz",
      "integrity": "sha1-IQmtx5ZYh8/AXLvUQsrIv7s2CGM="
    },
    "object-keys": {
      "version": "1.0.11",
      "resolved": "https://registry.npmjs.org/object-keys/-/object-keys-1.0.11.tgz",
      "integrity": "sha1-xUYBd4rVYPEULODgG8yotW0TQm0="
    },
    "once": {
      "version": "1.4.0",
      "resolved": "https://registry.npmjs.org/once/-/once-1.4.0.tgz",
      "integrity": "sha1-WDsap3WWHUsROsF9nFC6753Xa9E=",
      "dev": true,
      "requires": {
        "wrappy": "1.0.2"
      }
    },
    "parse-entities": {
      "version": "1.1.1",
      "resolved": "https://registry.npmjs.org/parse-entities/-/parse-entities-1.1.1.tgz",
      "integrity": "sha1-gRLYhHExnyerrk1klksSL+ThuJA=",
      "requires": {
        "character-entities": "1.2.1",
        "character-entities-legacy": "1.1.1",
        "character-reference-invalid": "1.1.1",
        "is-alphanumerical": "1.0.1",
        "is-decimal": "1.0.1",
        "is-hexadecimal": "1.0.1"
      }
    },
    "parse-latin": {
      "version": "4.1.0",
      "resolved": "https://registry.npmjs.org/parse-latin/-/parse-latin-4.1.0.tgz",
      "integrity": "sha512-mLNys0aA6v2bt4+/dmM5F7tRrLZ45Wg19++xr8iCo813NdurhIAiZpcXwvb086DvVGwSkcGUmz+AkbthMVVNyg==",
      "requires": {
        "nlcst-to-string": "2.0.1",
        "unist-util-modify-children": "1.1.1",
        "unist-util-visit-children": "1.1.1"
      }
    },
    "parse5": {
      "version": "3.0.3",
      "resolved": "https://registry.npmjs.org/parse5/-/parse5-3.0.3.tgz",
      "integrity": "sha512-rgO9Zg5LLLkfJF9E6CCmXlSE4UVceloys8JrFqCcHloC3usd/kJCyPDwH2SOlzix2j3xaP9sUX3e8+kvkuleAA==",
      "requires": {
        "@types/node": "9.3.0"
      }
    },
    "path-is-absolute": {
      "version": "1.0.1",
      "resolved": "https://registry.npmjs.org/path-is-absolute/-/path-is-absolute-1.0.1.tgz",
      "integrity": "sha1-F0uSaHNVNP+8es5r9TpanhtcX18=",
      "dev": true
    },
    "pify": {
      "version": "2.3.0",
      "resolved": "https://registry.npmjs.org/pify/-/pify-2.3.0.tgz",
      "integrity": "sha1-7RQaasBDqEnqWISY59yosVMw6Qw=",
      "dev": true
    },
    "pinkie": {
      "version": "2.0.4",
      "resolved": "https://registry.npmjs.org/pinkie/-/pinkie-2.0.4.tgz",
      "integrity": "sha1-clVrgM+g1IqXToDnckjoDtT3+HA=",
      "dev": true
    },
    "pinkie-promise": {
      "version": "2.0.1",
      "resolved": "https://registry.npmjs.org/pinkie-promise/-/pinkie-promise-2.0.1.tgz",
      "integrity": "sha1-ITXW36ejWMBprJsXh3YogihFD/o=",
      "dev": true,
      "requires": {
        "pinkie": "2.0.4"
      }
    },
    "property-information": {
      "version": "3.2.0",
      "resolved": "https://registry.npmjs.org/property-information/-/property-information-3.2.0.tgz",
      "integrity": "sha1-/RSDyPusYYCPX+NZ52k6H0ilgzE="
    },
    "rehype-document": {
      "version": "2.0.1",
      "resolved": "https://registry.npmjs.org/rehype-document/-/rehype-document-2.0.1.tgz",
      "integrity": "sha1-oOAIEuer0Vi2HRdU0f3au+YIBLw=",
      "requires": {
        "doctype": "2.0.1",
        "hastscript": "3.1.0",
        "unist-builder": "1.0.2"
      }
    },
    "rehype-format": {
      "version": "2.2.0",
      "resolved": "https://registry.npmjs.org/rehype-format/-/rehype-format-2.2.0.tgz",
      "integrity": "sha1-dRuD0O8+b/enRMdoh5FOBVqhaHM=",
      "requires": {
        "hast-util-phrasing": "1.0.0",
        "html-whitespace-sensitive-tag-names": "1.0.0",
        "rehype-minify-whitespace": "2.0.3",
        "repeat-string": "1.6.1",
        "unist-util-visit-parents": "1.1.1"
      }
    },
    "rehype-minify-whitespace": {
      "version": "2.0.3",
      "resolved": "https://registry.npmjs.org/rehype-minify-whitespace/-/rehype-minify-whitespace-2.0.3.tgz",
      "integrity": "sha512-KzOH3F92J7Wvr3WuaqSO69FuN+vwbitVYxdSolLXrwLwdo67VXn/qSYGR7gnYDJKgfm/+m3l8hZHY43Zg+YscQ==",
      "requires": {
        "collapse-white-space": "1.0.3",
        "hast-util-embedded": "1.0.0",
        "hast-util-has-property": "1.0.1",
        "hast-util-is-body-ok-link": "1.0.1",
        "hast-util-is-element": "1.0.0",
        "html-whitespace-sensitive-tag-names": "1.0.0",
        "unist-util-is": "2.1.1",
        "unist-util-modify-children": "1.1.1"
      }
    },
    "rehype-parse": {
      "version": "4.0.0",
      "resolved": "https://registry.npmjs.org/rehype-parse/-/rehype-parse-4.0.0.tgz",
      "integrity": "sha512-b0Mz07ZhbCsq7/tuM3AzfazrqTnmqQ69rsbngifazT43aFCMjKg84WQUMW+eudL9rqrG/woVlKHxNvzul2HRzQ==",
      "requires": {
        "hast-util-from-parse5": "2.1.0",
        "parse5": "3.0.3",
        "xtend": "4.0.1"
      }
    },
    "rehype-raw": {
      "version": "2.0.0",
      "resolved": "https://registry.npmjs.org/rehype-raw/-/rehype-raw-2.0.0.tgz",
      "integrity": "sha1-Vjep/O7zSAD9fFfKMv2dWSf9Kqo=",
      "requires": {
        "hast-util-raw": "2.0.2"
      }
    },
    "rehype-slug": {
      "version": "2.0.1",
      "resolved": "https://registry.npmjs.org/rehype-slug/-/rehype-slug-2.0.1.tgz",
      "integrity": "sha1-jBgJ6h61E7Ix9yHK4XvRzpMp43M=",
      "requires": {
        "github-slugger": "1.2.0",
        "hast-util-has-property": "1.0.1",
        "hast-util-is-element": "1.0.0",
        "hast-util-to-string": "1.0.1",
        "unist-util-visit": "1.3.0"
      }
    },
    "rehype-stringify": {
      "version": "3.0.0",
      "resolved": "https://registry.npmjs.org/rehype-stringify/-/rehype-stringify-3.0.0.tgz",
      "integrity": "sha1-n+8IaCE8Lc4veAt289BIjIXoGes=",
      "requires": {
        "hast-util-to-html": "3.1.0",
        "xtend": "4.0.1"
      }
    },
    "rehype-wrap": {
      "version": "1.0.3",
      "resolved": "https://registry.npmjs.org/rehype-wrap/-/rehype-wrap-1.0.3.tgz",
      "integrity": "sha512-CCULzfoVGOfdMZVzzmvQnfKqU3QhspX7ptYhNcSLPp+R3q5pn3D5wgnV6e1P0iEDvQL5yXmuapimI3xrm4bfgw==",
      "requires": {
        "hast-util-parse-selector": "2.1.0",
        "hast-util-select": "1.0.1",
        "unist-util-visit": "1.3.0"
      }
    },
    "remark": {
      "version": "8.0.0",
      "resolved": "https://registry.npmjs.org/remark/-/remark-8.0.0.tgz",
      "integrity": "sha512-K0PTsaZvJlXTl9DN6qYlvjTkqSZBFELhROZMrblm2rB+085flN84nz4g/BscKRMqDvhzlK1oQ/xnWQumdeNZYw==",
      "requires": {
        "remark-parse": "4.0.0",
        "remark-stringify": "4.0.0",
        "unified": "6.1.6"
      }
    },
    "remark-parse": {
      "version": "4.0.0",
      "resolved": "https://registry.npmjs.org/remark-parse/-/remark-parse-4.0.0.tgz",
      "integrity": "sha512-XZgICP2gJ1MHU7+vQaRM+VA9HEL3X253uwUM/BGgx3iv6TH2B3bF3B8q00DKcyP9YrJV+/7WOWEWBFF/u8cIsw==",
      "requires": {
        "collapse-white-space": "1.0.3",
        "is-alphabetical": "1.0.1",
        "is-decimal": "1.0.1",
        "is-whitespace-character": "1.0.1",
        "is-word-character": "1.0.1",
        "markdown-escapes": "1.0.1",
        "parse-entities": "1.1.1",
        "repeat-string": "1.6.1",
        "state-toggle": "1.0.0",
        "trim": "0.0.1",
        "trim-trailing-lines": "1.1.0",
        "unherit": "1.1.0",
        "unist-util-remove-position": "1.1.1",
        "vfile-location": "2.0.2",
        "xtend": "4.0.1"
      }
    },
    "remark-rehype": {
      "version": "3.0.0",
      "resolved": "https://registry.npmjs.org/remark-rehype/-/remark-rehype-3.0.0.tgz",
      "integrity": "sha512-WUinfb6vi34f4VYs2XS4HvuYNd0tCu68HOlG4aMp1dfFyVuVfL3aiL9WPw+Q6W99xTTHyxwr7BGO94jF0psoEA==",
      "requires": {
        "mdast-util-to-hast": "3.0.0"
      }
    },
    "remark-retext": {
      "version": "3.1.0",
      "resolved": "https://registry.npmjs.org/remark-retext/-/remark-retext-3.1.0.tgz",
      "integrity": "sha1-Gz3y1JRpwNNZbK2G6RUDqLYA/cw=",
      "requires": {
        "mdast-util-to-nlcst": "3.2.0"
      }
    },
    "remark-slug": {
      "version": "5.0.0",
      "resolved": "https://registry.npmjs.org/remark-slug/-/remark-slug-5.0.0.tgz",
      "integrity": "sha512-bRFK90ia6iooqC5KH6e9nEIL3OwRbTPU6ed2fm/fa66uofKdmRcsmRVMwND3pXLbvH2F022cETYlE7YlVs7LNQ==",
      "requires": {
        "github-slugger": "1.2.0",
        "mdast-util-to-string": "1.0.4",
        "unist-util-visit": "1.3.0"
      }
    },
    "remark-stringify": {
      "version": "4.0.0",
      "resolved": "https://registry.npmjs.org/remark-stringify/-/remark-stringify-4.0.0.tgz",
      "integrity": "sha512-xLuyKTnuQer3ke9hkU38SUYLiTmS078QOnoFavztmbt/pAJtNSkNtFgR0U//uCcmG0qnyxao+PDuatQav46F1w==",
      "requires": {
        "ccount": "1.0.2",
        "is-alphanumeric": "1.0.0",
        "is-decimal": "1.0.1",
        "is-whitespace-character": "1.0.1",
        "longest-streak": "2.0.2",
        "markdown-escapes": "1.0.1",
        "markdown-table": "1.1.1",
        "mdast-util-compact": "1.0.1",
        "parse-entities": "1.1.1",
        "repeat-string": "1.6.1",
        "state-toggle": "1.0.0",
        "stringify-entities": "1.3.1",
        "unherit": "1.1.0",
        "xtend": "4.0.1"
      }
    },
    "remark-toc": {
      "version": "5.0.0",
      "resolved": "https://registry.npmjs.org/remark-toc/-/remark-toc-5.0.0.tgz",
      "integrity": "sha512-j2A/fpio1nzNRJtY6nVaFUCtXNfFPxaj6I5UHFsFgo4xKmc0VokRRIzGqz4Vfs7u+dPrHjnoHkImu1Dia0jDSQ==",
      "requires": {
        "mdast-util-toc": "2.0.1",
        "remark-slug": "5.0.0"
      }
    },
    "repeat-string": {
      "version": "1.6.1",
      "resolved": "https://registry.npmjs.org/repeat-string/-/repeat-string-1.6.1.tgz",
      "integrity": "sha1-jcrkcOHIirwtYA//Sndihtp15jc="
    },
    "replace-ext": {
      "version": "1.0.0",
      "resolved": "https://registry.npmjs.org/replace-ext/-/replace-ext-1.0.0.tgz",
      "integrity": "sha1-3mMSg3P8v3w8z6TeWkgMRaZ5WOs="
    },
    "retext": {
      "version": "5.0.0",
      "resolved": "https://registry.npmjs.org/retext/-/retext-5.0.0.tgz",
      "integrity": "sha1-XZAYxKZ31hA8FCNi129Q6x05i/Y=",
      "requires": {
        "retext-latin": "2.0.0",
        "retext-stringify": "2.0.0",
        "unified": "6.1.6"
      }
    },
    "retext-latin": {
      "version": "2.0.0",
      "resolved": "https://registry.npmjs.org/retext-latin/-/retext-latin-2.0.0.tgz",
      "integrity": "sha1-sRvWyukRP6YpMCKkUnzXByIaxLY=",
      "requires": {
        "parse-latin": "4.1.0",
        "unherit": "1.1.0"
      }
    },
    "retext-stringify": {
      "version": "2.0.0",
      "resolved": "https://registry.npmjs.org/retext-stringify/-/retext-stringify-2.0.0.tgz",
      "integrity": "sha1-ACOPrMVJH1vNxYlwOkZY2y5UQVs=",
      "requires": {
        "nlcst-to-string": "2.0.1"
      }
    },
    "rimraf": {
      "version": "2.6.2",
      "resolved": "https://registry.npmjs.org/rimraf/-/rimraf-2.6.2.tgz",
      "integrity": "sha512-lreewLK/BlghmxtfH36YYVg1i8IAce4TI7oao75I1g245+6BctqTVQiBP3YUJ9C6DQOXJmkYR9X9fCLtCOJc5w==",
      "dev": true,
      "requires": {
        "glob": "7.1.2"
      }
    },
    "space-separated-tokens": {
      "version": "1.1.1",
      "resolved": "https://registry.npmjs.org/space-separated-tokens/-/space-separated-tokens-1.1.1.tgz",
      "integrity": "sha1-lpW5355lrsGBHUw/nOUlILwvfk0=",
      "requires": {
        "trim": "0.0.1"
      }
    },
    "state-toggle": {
      "version": "1.0.0",
      "resolved": "https://registry.npmjs.org/state-toggle/-/state-toggle-1.0.0.tgz",
      "integrity": "sha1-0g+aYWu08MO5i5GSLSW2QKorxCU="
    },
    "stringify-entities": {
      "version": "1.3.1",
      "resolved": "https://registry.npmjs.org/stringify-entities/-/stringify-entities-1.3.1.tgz",
      "integrity": "sha1-sVDsLXKsTBtfMktR+2soyc3/BYw=",
      "requires": {
        "character-entities-html4": "1.1.1",
        "character-entities-legacy": "1.1.1",
        "is-alphanumerical": "1.0.1",
        "is-hexadecimal": "1.0.1"
      }
    },
    "trim": {
      "version": "0.0.1",
      "resolved": "https://registry.npmjs.org/trim/-/trim-0.0.1.tgz",
      "integrity": "sha1-WFhUf2spB1fulczMZm+1AITEYN0="
    },
    "trim-lines": {
      "version": "1.1.0",
      "resolved": "https://registry.npmjs.org/trim-lines/-/trim-lines-1.1.0.tgz",
      "integrity": "sha1-mSbQPt4Tuhj31CIiYx+wTHn/Jv4="
    },
    "trim-trailing-lines": {
      "version": "1.1.0",
      "resolved": "https://registry.npmjs.org/trim-trailing-lines/-/trim-trailing-lines-1.1.0.tgz",
      "integrity": "sha1-eu+7eAjfnWafbaLkOMrIxGradoQ="
    },
    "trough": {
      "version": "1.0.1",
      "resolved": "https://registry.npmjs.org/trough/-/trough-1.0.1.tgz",
      "integrity": "sha1-qf2LA5Swro//guBjOgo2zK1bX4Y="
    },
    "unherit": {
      "version": "1.1.0",
      "resolved": "https://registry.npmjs.org/unherit/-/unherit-1.1.0.tgz",
      "integrity": "sha1-a5qu379z3xdWrZ4xbdmBiFhAzX0=",
      "requires": {
        "inherits": "2.0.3",
        "xtend": "4.0.1"
      }
    },
    "unified": {
      "version": "6.1.6",
      "resolved": "https://registry.npmjs.org/unified/-/unified-6.1.6.tgz",
      "integrity": "sha512-pW2f82bCIo2ifuIGYcV12fL96kMMYgw7JKVEgh7ODlrM9rj6vXSY3BV+H6lCcv1ksxynFf582hwWLnA1qRFy4w==",
      "requires": {
        "bail": "1.0.2",
        "extend": "3.0.1",
        "is-plain-obj": "1.1.0",
        "trough": "1.0.1",
        "vfile": "2.3.0",
        "x-is-function": "1.0.4",
        "x-is-string": "0.1.0"
      }
    },
    "unist-builder": {
      "version": "1.0.2",
      "resolved": "https://registry.npmjs.org/unist-builder/-/unist-builder-1.0.2.tgz",
      "integrity": "sha1-jDuZA+9kvPsRfdfPal2Y/Bs7J7Y=",
      "requires": {
        "object-assign": "4.1.1"
      }
    },
    "unist-util-generated": {
      "version": "1.1.1",
      "resolved": "https://registry.npmjs.org/unist-util-generated/-/unist-util-generated-1.1.1.tgz",
      "integrity": "sha1-mfFseJWayFTe58YVwpGSTIv03n8="
    },
    "unist-util-is": {
      "version": "2.1.1",
      "resolved": "https://registry.npmjs.org/unist-util-is/-/unist-util-is-2.1.1.tgz",
      "integrity": "sha1-DDEmKeP5YMZukx6BLT2A53AQlHs="
    },
    "unist-util-modify-children": {
      "version": "1.1.1",
      "resolved": "https://registry.npmjs.org/unist-util-modify-children/-/unist-util-modify-children-1.1.1.tgz",
      "integrity": "sha1-ZtfmpEnm9nIguXarPLi166w55R0=",
      "requires": {
        "array-iterate": "1.1.1"
      }
    },
    "unist-util-position": {
      "version": "3.0.0",
      "resolved": "https://registry.npmjs.org/unist-util-position/-/unist-util-position-3.0.0.tgz",
      "integrity": "sha1-5uHgPu64HF4a/lU+jUrfvXwNj4I="
    },
    "unist-util-remove-position": {
      "version": "1.1.1",
      "resolved": "https://registry.npmjs.org/unist-util-remove-position/-/unist-util-remove-position-1.1.1.tgz",
      "integrity": "sha1-WoXBVV/BugwQG4ZwfRXlD6TIcbs=",
      "requires": {
        "unist-util-visit": "1.3.0"
      }
    },
    "unist-util-stringify-position": {
      "version": "1.1.1",
      "resolved": "https://registry.npmjs.org/unist-util-stringify-position/-/unist-util-stringify-position-1.1.1.tgz",
      "integrity": "sha1-PMvcU2ee7W7PN3fdf14yKcG2qjw="
    },
    "unist-util-visit": {
      "version": "1.3.0",
      "resolved": "https://registry.npmjs.org/unist-util-visit/-/unist-util-visit-1.3.0.tgz",
      "integrity": "sha512-9ntYcxPFtl44gnwXrQKZ5bMqXMY0ZHzUpqMFiU4zcc8mmf/jzYm8GhYgezuUlX4cJIM1zIDYaO6fG/fI+L6iiQ==",
      "requires": {
        "unist-util-is": "2.1.1"
      }
    },
    "unist-util-visit-children": {
      "version": "1.1.1",
      "resolved": "https://registry.npmjs.org/unist-util-visit-children/-/unist-util-visit-children-1.1.1.tgz",
      "integrity": "sha1-66Y7NxEWIxGBBog3EYtubhDsiEQ="
    },
    "unist-util-visit-parents": {
      "version": "1.1.1",
      "resolved": "https://registry.npmjs.org/unist-util-visit-parents/-/unist-util-visit-parents-1.1.1.tgz",
      "integrity": "sha1-fT9WtbA5o8bi0W5RzAk/EOR1U0I="
    },
    "universalify": {
      "version": "0.1.1",
      "resolved": "https://registry.npmjs.org/universalify/-/universalify-0.1.1.tgz",
      "integrity": "sha1-+nG63UQ3r0wUiEHjs7Fl+enlkLc=",
      "dev": true
    },
    "vfile": {
      "version": "2.3.0",
      "resolved": "https://registry.npmjs.org/vfile/-/vfile-2.3.0.tgz",
      "integrity": "sha512-ASt4mBUHcTpMKD/l5Q+WJXNtshlWxOogYyGYYrg4lt/vuRjC1EFQtlAofL5VmtVNIZJzWYFJjzGWZ0Gw8pzW1w==",
      "requires": {
        "is-buffer": "1.1.6",
        "replace-ext": "1.0.0",
        "unist-util-stringify-position": "1.1.1",
        "vfile-message": "1.0.0"
      }
    },
    "vfile-location": {
      "version": "2.0.2",
      "resolved": "https://registry.npmjs.org/vfile-location/-/vfile-location-2.0.2.tgz",
      "integrity": "sha1-02dcWch3SY5JK0dW/2Xkrxp1IlU="
    },
    "vfile-message": {
      "version": "1.0.0",
      "resolved": "https://registry.npmjs.org/vfile-message/-/vfile-message-1.0.0.tgz",
      "integrity": "sha512-HPREhzTOB/sNDc9/Mxf8w0FmHnThg5CRSJdR9VRFkD2riqYWs+fuXlj5z8mIpv2LrD7uU41+oPWFOL4Mjlf+dw==",
      "requires": {
        "unist-util-stringify-position": "1.1.1"
      }
    },
    "web-namespaces": {
      "version": "1.1.1",
      "resolved": "https://registry.npmjs.org/web-namespaces/-/web-namespaces-1.1.1.tgz",
      "integrity": "sha1-dC2f/2H/hPQWT2dyRPQtKcEMRR0="
    },
    "wrappy": {
      "version": "1.0.2",
      "resolved": "https://registry.npmjs.org/wrappy/-/wrappy-1.0.2.tgz",
      "integrity": "sha1-tSQ9jz7BqjXxNkYFvA0QNuMKtp8=",
      "dev": true
    },
    "x-is-array": {
      "version": "0.1.0",
      "resolved": "https://registry.npmjs.org/x-is-array/-/x-is-array-0.1.0.tgz",
      "integrity": "sha1-3lIBcdR7P0FvVYfWKbidJrEtwp0="
    },
    "x-is-function": {
      "version": "1.0.4",
      "resolved": "https://registry.npmjs.org/x-is-function/-/x-is-function-1.0.4.tgz",
      "integrity": "sha1-XSlNw9Joy90GJYDgxd93o5HR+h4="
    },
    "x-is-string": {
      "version": "0.1.0",
      "resolved": "https://registry.npmjs.org/x-is-string/-/x-is-string-0.1.0.tgz",
      "integrity": "sha1-R0tQhlrzpJqcRlfwWs0UVFj3fYI="
    },
    "xtend": {
      "version": "4.0.1",
      "resolved": "https://registry.npmjs.org/xtend/-/xtend-4.0.1.tgz",
      "integrity": "sha1-pcbVMr5lbiPbgg77lDofBJmNY68="
    },
    "zwitch": {
      "version": "1.0.2",
      "resolved": "https://registry.npmjs.org/zwitch/-/zwitch-1.0.2.tgz",
      "integrity": "sha1-mwWVQb+oRHmf4tkDveYJ3iUDoEE="
    }
  }
}
